
Microsoft Visual Studio Solution File, Format Version 12.00
# Visual Studio 15
VisualStudioVersion = 15.0.27130.2027
MinimumVisualStudioVersion = 10.0.40219.1
Project("{9A19103F-16F7-4668-BE54-9A1E7A4F7556}") = "Api", "Api\Api.csproj", "{506A8A56-CF68-4954-947D-258A7C73AF9B}"
EndProject
Global
	GlobalSection(SolutionConfigurationPlatforms) = preSolution
		Debug|Any CPU = Debug|Any CPU
		Release|Any CPU = Release|Any CPU
	EndGlobalSection
	GlobalSection(ProjectConfigurationPlatforms) = postSolution
		{506A8A56-CF68-4954-947D-258A7C73AF9B}.Debug|Any CPU.ActiveCfg = Debug|Any CPU
		{506A8A56-CF68-4954-947D-258A7C73AF9B}.Debug|Any CPU.Build.0 = Debug|Any CPU
		{506A8A56-CF68-4954-947D-258A7C73AF9B}.Release|Any CPU.ActiveCfg = Release|Any CPU
		{506A8A56-CF68-4954-947D-258A7C73AF9B}.Release|Any CPU.Build.0 = Release|Any CPU
	EndGlobalSection
	GlobalSection(SolutionProperties) = preSolution
		HideSolutionNode = FALSE
	EndGlobalSection
	GlobalSection(ExtensibilityGlobals) = postSolution
		SolutionGuid = {E55979C5-8A3C-474E-A6B4-F8FBE7B97EEF}
	EndGlobalSection
EndGlobal
